
Microsoft Visual Studio Solution File, Format Version 12.00
# Visual Studio 2017
Project("{FAE04EC0-301F-11D3-BF4B-00C04F79EFBC}") = "fileBrowserTest", "fileBrowserTest.csproj", "{C7D35109-6C96-DC61-D37D-D771E6B19730}"
EndProject
Global
	GlobalSection(SolutionConfigurationPlatforms) = preSolution
		Debug|Any CPU = Debug|Any CPU
		Release|Any CPU = Release|Any CPU
	EndGlobalSection
	GlobalSection(ProjectConfigurationPlatforms) = postSolution
		{C7D35109-6C96-DC61-D37D-D771E6B19730}.Debug|Any CPU.ActiveCfg = Debug|Any CPU
		{C7D35109-6C96-DC61-D37D-D771E6B19730}.Debug|Any CPU.Build.0 = Debug|Any CPU
		{C7D35109-6C96-DC61-D37D-D771E6B19730}.Release|Any CPU.ActiveCfg = Release|Any CPU
		{C7D35109-6C96-DC61-D37D-D771E6B19730}.Release|Any CPU.Build.0 = Release|Any CPU
	EndGlobalSection
	GlobalSection(SolutionProperties) = preSolution
		HideSolutionNode = FALSE
	EndGlobalSection
EndGlobal
